
Microsoft Visual Studio Solution File, Format Version 12.00
# Visual Studio Version 17
VisualStudioVersion = 17.5.33516.290
MinimumVisualStudioVersion = 10.0.40219.1
Project("{9A19103F-16F7-4668-BE54-9A1E7A4F7556}") = "Analyzer", "Analyzer\Analyzer.csproj", "{72F42057-4137-46B8-8732-4C339179E913}"
EndProject
Project("{9A19103F-16F7-4668-BE54-9A1E7A4F7556}") = "Analyzer.Configuration", "Analyzer.Configuration\Analyzer.Configuration.csproj", "{8C28E2F8-B5AD-4CDB-B7C3-AC3B1AB17177}"
EndProject
Project("{9A19103F-16F7-4668-BE54-9A1E7A4F7556}") = "Analyzer.Core", "Analyzer.Core\Analyzer.Core.csproj", "{814E6ACD-757E-41D4-9EEB-1B219CA3ADDB}"
	ProjectSection(ProjectDependencies) = postProject
		{F1FBFEA8-E905-4E47-82A9-643BFEF9C5B4} = {F1FBFEA8-E905-4E47-82A9-643BFEF9C5B4}
	EndProjectSection
EndProject
Project("{9A19103F-16F7-4668-BE54-9A1E7A4F7556}") = "Analyzer.Methods", "Analyzer.Methods\Analyzer.Methods.csproj", "{F1FBFEA8-E905-4E47-82A9-643BFEF9C5B4}"
EndProject
Project("{FAE04EC0-301F-11D3-BF4B-00C04F79EFBC}") = "TestApp", "TestApp\TestApp.csproj", "{7B13CFA3-242E-4A97-939F-B60BE4ACDBE4}"
EndProject
Global
	GlobalSection(SolutionConfigurationPlatforms) = preSolution
		Debug|Any CPU = Debug|Any CPU
		Release|Any CPU = Release|Any CPU
	EndGlobalSection
	GlobalSection(ProjectConfigurationPlatforms) = postSolution
		{72F42057-4137-46B8-8732-4C339179E913}.Debug|Any CPU.ActiveCfg = Debug|Any CPU
		{72F42057-4137-46B8-8732-4C339179E913}.Debug|Any CPU.Build.0 = Debug|Any CPU
		{72F42057-4137-46B8-8732-4C339179E913}.Release|Any CPU.ActiveCfg = Release|Any CPU
		{72F42057-4137-46B8-8732-4C339179E913}.Release|Any CPU.Build.0 = Release|Any CPU
		{8C28E2F8-B5AD-4CDB-B7C3-AC3B1AB17177}.Debug|Any CPU.ActiveCfg = Debug|Any CPU
		{8C28E2F8-B5AD-4CDB-B7C3-AC3B1AB17177}.Debug|Any CPU.Build.0 = Debug|Any CPU
		{8C28E2F8-B5AD-4CDB-B7C3-AC3B1AB17177}.Release|Any CPU.ActiveCfg = Release|Any CPU
		{8C28E2F8-B5AD-4CDB-B7C3-AC3B1AB17177}.Release|Any CPU.Build.0 = Release|Any CPU
		{814E6ACD-757E-41D4-9EEB-1B219CA3ADDB}.Debug|Any CPU.ActiveCfg = Debug|Any CPU
		{814E6ACD-757E-41D4-9EEB-1B219CA3ADDB}.Debug|Any CPU.Build.0 = Debug|Any CPU
		{814E6ACD-757E-41D4-9EEB-1B219CA3ADDB}.Release|Any CPU.ActiveCfg = Release|Any CPU
		{814E6ACD-757E-41D4-9EEB-1B219CA3ADDB}.Release|Any CPU.Build.0 = Release|Any CPU
		{F1FBFEA8-E905-4E47-82A9-643BFEF9C5B4}.Debug|Any CPU.ActiveCfg = Debug|Any CPU
		{F1FBFEA8-E905-4E47-82A9-643BFEF9C5B4}.Debug|Any CPU.Build.0 = Debug|Any CPU
		{F1FBFEA8-E905-4E47-82A9-643BFEF9C5B4}.Release|Any CPU.ActiveCfg = Release|Any CPU
		{F1FBFEA8-E905-4E47-82A9-643BFEF9C5B4}.Release|Any CPU.Build.0 = Release|Any CPU
		{7B13CFA3-242E-4A97-939F-B60BE4ACDBE4}.Debug|Any CPU.ActiveCfg = Debug|Any CPU
		{7B13CFA3-242E-4A97-939F-B60BE4ACDBE4}.Debug|Any CPU.Build.0 = Debug|Any CPU
		{7B13CFA3-242E-4A97-939F-B60BE4ACDBE4}.Release|Any CPU.ActiveCfg = Release|Any CPU
		{7B13CFA3-242E-4A97-939F-B60BE4ACDBE4}.Release|Any CPU.Build.0 = Release|Any CPU
	EndGlobalSection
	GlobalSection(SolutionProperties) = preSolution
		HideSolutionNode = FALSE
	EndGlobalSection
	GlobalSection(ExtensibilityGlobals) = postSolution
		SolutionGuid = {B882F836-7961-43A1-ABF3-4CF5DE279F64}
	EndGlobalSection
EndGlobal
